
Microsoft Visual Studio Solution File, Format Version 12.00
# Visual Studio Version 16
VisualStudioVersion = 16.0.29123.88
MinimumVisualStudioVersion = 10.0.40219.1
Project("{9A19103F-16F7-4668-BE54-9A1E7A4F7556}") = "Lesson5_1", "Lesson5_1\Lesson5_1.csproj", "{20BEBBCC-6D94-459E-9E11-7EF3152B9F2C}"
EndProject
Project("{FAE04EC0-301F-11D3-BF4B-00C04F79EFBC}") = "Lesson5_2", "Lesson5_2\Lesson5_2.csproj", "{2B32F8ED-EFE3-4A0E-A0DA-3FA6CA572E83}"
EndProject
Global
	GlobalSection(SolutionConfigurationPlatforms) = preSolution
		Debug|Any CPU = Debug|Any CPU
		Release|Any CPU = Release|Any CPU
	EndGlobalSection
	GlobalSection(ProjectConfigurationPlatforms) = postSolution
		{20BEBBCC-6D94-459E-9E11-7EF3152B9F2C}.Debug|Any CPU.ActiveCfg = Debug|Any CPU
		{20BEBBCC-6D94-459E-9E11-7EF3152B9F2C}.Debug|Any CPU.Build.0 = Debug|Any CPU
		{20BEBBCC-6D94-459E-9E11-7EF3152B9F2C}.Release|Any CPU.ActiveCfg = Release|Any CPU
		{20BEBBCC-6D94-459E-9E11-7EF3152B9F2C}.Release|Any CPU.Build.0 = Release|Any CPU
		{2B32F8ED-EFE3-4A0E-A0DA-3FA6CA572E83}.Debug|Any CPU.ActiveCfg = Debug|Any CPU
		{2B32F8ED-EFE3-4A0E-A0DA-3FA6CA572E83}.Debug|Any CPU.Build.0 = Debug|Any CPU
		{2B32F8ED-EFE3-4A0E-A0DA-3FA6CA572E83}.Release|Any CPU.ActiveCfg = Release|Any CPU
		{2B32F8ED-EFE3-4A0E-A0DA-3FA6CA572E83}.Release|Any CPU.Build.0 = Release|Any CPU
	EndGlobalSection
	GlobalSection(SolutionProperties) = preSolution
		HideSolutionNode = FALSE
	EndGlobalSection
	GlobalSection(ExtensibilityGlobals) = postSolution
		SolutionGuid = {7378AA45-BD16-4BED-A341-D2AE8C5023BE}
	EndGlobalSection
EndGlobal
