
Microsoft Visual Studio Solution File, Format Version 12.00
# Visual Studio Version 16
VisualStudioVersion = 16.0.29123.88
MinimumVisualStudioVersion = 10.0.40219.1
Project("{FAE04EC0-301F-11D3-BF4B-00C04F79EFBC}") = "Lesson13", "Lesson13\Lesson13.csproj", "{E8C968F5-48DB-41BF-9F5F-9C506B1331CD}"
EndProject
Global
	GlobalSection(SolutionConfigurationPlatforms) = preSolution
		Debug|Any CPU = Debug|Any CPU
		Release|Any CPU = Release|Any CPU
	EndGlobalSection
	GlobalSection(ProjectConfigurationPlatforms) = postSolution
		{E8C968F5-48DB-41BF-9F5F-9C506B1331CD}.Debug|Any CPU.ActiveCfg = Debug|Any CPU
		{E8C968F5-48DB-41BF-9F5F-9C506B1331CD}.Debug|Any CPU.Build.0 = Debug|Any CPU
		{E8C968F5-48DB-41BF-9F5F-9C506B1331CD}.Release|Any CPU.ActiveCfg = Release|Any CPU
		{E8C968F5-48DB-41BF-9F5F-9C506B1331CD}.Release|Any CPU.Build.0 = Release|Any CPU
	EndGlobalSection
	GlobalSection(SolutionProperties) = preSolution
		HideSolutionNode = FALSE
	EndGlobalSection
	GlobalSection(ExtensibilityGlobals) = postSolution
		SolutionGuid = {BE34F5AF-67F8-46E9-B9B4-818A6F85BD39}
	EndGlobalSection
EndGlobal
